type: upgrade
costs:
  - name: ' PL'
    typeId: e356-c769-5920-6e14
  - name: CP
    typeId: 2d3b-b544-ad49-fb75
  - name: pts
    typeId: points
exported: true
constraints:
  - id: 9fe6-b844-99a2-34df
    type: maximum
    field: selections
    scope: parent
    value: 1.0
    shared: true
infoLinks:
  - targetId: a0a8-a8a5-102d-cc19
    type: profile
    id: ef8f-5d56-063f-9a64
    name: Target lock
id: 68c1-f411-03c4-400c
name: Target Lock
