typeId: 72c5eafc-75bf-4ed9-b425-78009f1efe82
typeName: Abilities
characteristics:
  - name: Description
    typeId: 21befb24-fc85-4f52-a745-64b2e48f8228
    value: Servitors improve both their Weapon Skill and Ballistic Skill to 4+, and their Leadership value to 9, whilst they are within 6" of any friendly DEATH KORPS QUARTERMASTER REVENANT.
id: 0c1f-bf46-b0b5-e0f4
name: Mindlock
