typeId: 72c5eafc-75bf-4ed9-b425-78009f1efe82
typeName: Abilities
characteristics:
  - name: Description
    typeId: 21befb24-fc85-4f52-a745-64b2e48f8228
    value: While this unit is within 6" of any friendly <FORGE WORLD> TECH-PRIEST units, models in this unit have a Weapon Skill and Ballistic Skill characteristic of 4+ and a Leadership characteristic of 9. In addition, if your army is Battle-forged, then for each <FORGE WORLD> TECH-PRIEST unit included in a Detachment, one <FORGE WORLD> SERVITORS unit can be included in that Detachment without taking up a Battlefield Role slot.
id: acad-f31b-7808-11c2
name: Mindlock
publicationId: ebe8-544e-pubN65537
